# This file is autogenerated, do not edit; changes may be undone by the next 'dep ensure'.


[[projects]]
  branch = "master"
  name = "github.com/my0sot1s/godef"
  packages = ["sdef"]
  revision = "bcd710785e37ca8d4d64fc93c687bdd086570190"

[[projects]]
  branch = "master"
  name = "github.com/my0sot1s/tinker"
  packages = ["utils"]
  revision = "854b90d18c5623914d793f0388de73765740917a"

[[projects]]
  branch = "v2"
  name = "gopkg.in/mgo.v2"
  packages = [".","bson","internal/json","internal/sasl","internal/scram"]
  revision = "9856a29383ce1c59f308dd1cf0363a79b5bef6b5"

[solve-meta]
  analyzer-name = "dep"
  analyzer-version = 1
  inputs-digest = "06514745da4ef16fc0ce5f4c35f37390db0814dfdf05e3e343ceb3318837d6df"
  solver-name = "gps-cdcl"
  solver-version = 1
